
Microsoft Visual Studio Solution File, Format Version 12.00
# Visual Studio Version 17
VisualStudioVersion = 17.7.34202.233
MinimumVisualStudioVersion = 10.0.40219.1
Project("{9A19103F-16F7-4668-BE54-9A1E7A4F7556}") = "ConsoleApp_Excel", "ConsoleApp_Excel\ConsoleApp_Excel.csproj", "{FF43BABC-97CA-4E51-9F31-F79ACE842EE3}"
EndProject
Project("{2150E333-8FDC-42A3-9474-1A3956D46DE8}") = "Solution Items", "Solution Items", "{A14EF17A-636E-4E57-9C90-7E72390B2DF9}"
	ProjectSection(SolutionItems) = preProject
		.editorconfig = .editorconfig
	EndProjectSection
EndProject
Global
	GlobalSection(SolutionConfigurationPlatforms) = preSolution
		Debug|Any CPU = Debug|Any CPU
		Release|Any CPU = Release|Any CPU
	EndGlobalSection
	GlobalSection(ProjectConfigurationPlatforms) = postSolution
		{FF43BABC-97CA-4E51-9F31-F79ACE842EE3}.Debug|Any CPU.ActiveCfg = Debug|Any CPU
		{FF43BABC-97CA-4E51-9F31-F79ACE842EE3}.Debug|Any CPU.Build.0 = Debug|Any CPU
		{FF43BABC-97CA-4E51-9F31-F79ACE842EE3}.Release|Any CPU.ActiveCfg = Release|Any CPU
		{FF43BABC-97CA-4E51-9F31-F79ACE842EE3}.Release|Any CPU.Build.0 = Release|Any CPU
	EndGlobalSection
	GlobalSection(SolutionProperties) = preSolution
		HideSolutionNode = FALSE
	EndGlobalSection
	GlobalSection(ExtensibilityGlobals) = postSolution
		SolutionGuid = {51D52F88-394A-429F-84B9-05269AF47041}
	EndGlobalSection
EndGlobal
